// !$*UTF8*$!
{
	archiveVersion = 1;
	classes = {
	};
	objectVersion = 46;
	objects = {

/* Begin PBXBuildFile section */
		5E6312F51D54DBA400DA8D4F /* LoginController.m in Sources */ = {isa = PBXBuildFile; fileRef = 5E6312F41D54DBA400DA8D4F /* LoginController.m */; };
		5E6313001D54DF1300DA8D4F /* HomePageController.m in Sources */ = {isa = PBXBuildFile; fileRef = 5E6312FF1D54DF1300DA8D4F /* HomePageController.m */; };
		5EE1CE681D544BD500E11675 /* main.m in Sources */ = {isa = PBXBuildFile; fileRef = 5EE1CE671D544BD500E11675 /* main.m */; };
		5EE1CE6B1D544BD500E11675 /* AppDelegate.m in Sources */ = {isa = PBXBuildFile; fileRef = 5EE1CE6A1D544BD500E11675 /* AppDelegate.m */; };
		5EE1CE761D544BD500E11675 /* Assets.xcassets in Resources */ = {isa = PBXBuildFile; fileRef = 5EE1CE751D544BD500E11675 /* Assets.xcassets */; };
/* End PBXBuildFile section */

/* Begin PBXFileReference section */
		5E6312EF1D54DA2200DA8D4F /* PrefixHeader.pch */ = {isa = PBXFileReference; lastKnownFileType = sourcecode.c.h; path = PrefixHeader.pch; sourceTree = "<group>"; };
		5E6312F31D54DBA400DA8D4F /* LoginController.h */ = {isa = PBXFileReference; fileEncoding = 4; lastKnownFileType = sourcecode.c.h; path = LoginController.h; sourceTree = "<group>"; };
		5E6312F41D54DBA400DA8D4F /* LoginController.m */ = {isa = PBXFileReference; fileEncoding = 4; lastKnownFileType = sourcecode.c.objc; path = LoginController.m; sourceTree = "<group>"; };
		5E6312FE1D54DF1300DA8D4F /* HomePageController.h */ = {isa = PBXFileReference; fileEncoding = 4; lastKnownFileType = sourcecode.c.h; path = HomePageController.h; sourceTree = "<group>"; };
		5E6312FF1D54DF1300DA8D4F /* HomePageController.m */ = {isa = PBXFileReference; fileEncoding = 4; lastKnownFileType = sourcecode.c.objc; path = HomePageController.m; sourceTree = "<group>"; };
		5EE1CE631D544BD500E11675 /* SingPlayer.app */ = {isa = PBXFileReference; explicitFileType = wrapper.application; includeInIndex = 0; path = SingPlayer.app; sourceTree = BUILT_PRODUCTS_DIR; };
		5EE1CE671D544BD500E11675 /* main.m */ = {isa = PBXFileReference; lastKnownFileType = sourcecode.c.objc; path = main.m; sourceTree = "<group>"; };
		5EE1CE691D544BD500E11675 /* AppDelegate.h */ = {isa = PBXFileReference; lastKnownFileType = sourcecode.c.h; name = AppDelegate.h; path = ../AppDelegate.h; sourceTree = "<group>"; };
		5EE1CE6A1D544BD500E11675 /* AppDelegate.m */ = {isa = PBXFileReference; lastKnownFileType = sourcecode.c.objc; name = AppDelegate.m; path = ../AppDelegate.m; sourceTree = "<group>"; };
		5EE1CE751D544BD500E11675 /* Assets.xcassets */ = {isa = PBXFileReference; lastKnownFileType = folder.assetcatalog; path = Assets.xcassets; sourceTree = "<group>"; };
		5EE1CE7A1D544BD500E11675 /* Info.plist */ = {isa = PBXFileReference; lastKnownFileType = text.plist.xml; path = Info.plist; sourceTree = "<group>"; };
/* End PBXFileReference section */

/* Begin PBXFrameworksBuildPhase section */
		5EE1CE601D544BD500E11675 /* Frameworks */ = {
			isa = PBXFrameworksBuildPhase;
			buildActionMask = 2147483647;
			files = (
			);
			runOnlyForDeploymentPostprocessing = 0;
		};
/* End PBXFrameworksBuildPhase section */

/* Begin PBXGroup section */
		5E6312E41D54D92D00DA8D4F /* MainClass */ = {
			isa = PBXGroup;
			children = (
				5EE1CE691D544BD500E11675 /* AppDelegate.h */,
				5EE1CE6A1D544BD500E11675 /* AppDelegate.m */,
				5E6312E61D54D92D00DA8D4F /* ViewController */,
				5E6312E51D54D92D00DA8D4F /* View */,
			);
			path = MainClass;
			sourceTree = "<group>";
		};
		5E6312E51D54D92D00DA8D4F /* View */ = {
			isa = PBXGroup;
			children = (
			);
			path = View;
			sourceTree = "<group>";
		};
		5E6312E61D54D92D00DA8D4F /* ViewController */ = {
			isa = PBXGroup;
			children = (
			);
			path = ViewController;
			sourceTree = "<group>";
		};
		5E6312E71D54D92D00DA8D4F /* Model */ = {
			isa = PBXGroup;
			children = (
			);
			path = Model;
			sourceTree = "<group>";
		};
		5E6312E81D54D96C00DA8D4F /* Other */ = {
			isa = PBXGroup;
			children = (
				5E6312EF1D54DA2200DA8D4F /* PrefixHeader.pch */,
			);
			path = Other;
			sourceTree = "<group>";
		};
		5E6312E91D54D98900DA8D4F /* Resource */ = {
			isa = PBXGroup;
			children = (
			);
			path = Resource;
			sourceTree = "<group>";
		};
		5E6312EA1D54DA0300DA8D4F /* ChildClass */ = {
			isa = PBXGroup;
			children = (
				5E6312EB1D54DA0300DA8D4F /* LoginClass */,
				5E6312FA1D54DF0400DA8D4F /* HomePage */,
			);
			path = ChildClass;
			sourceTree = "<group>";
		};
		5E6312EB1D54DA0300DA8D4F /* LoginClass */ = {
			isa = PBXGroup;
			children = (
				5E6312EC1D54DA0300DA8D4F /* Controller */,
				5E6312ED1D54DA0300DA8D4F /* Model */,
				5E6312EE1D54DA0300DA8D4F /* View */,
			);
			path = LoginClass;
			sourceTree = "<group>";
		};
		5E6312EC1D54DA0300DA8D4F /* Controller */ = {
			isa = PBXGroup;
			children = (
				5E6312F31D54DBA400DA8D4F /* LoginController.h */,
				5E6312F41D54DBA400DA8D4F /* LoginController.m */,
			);
			path = Controller;
			sourceTree = "<group>";
		};
		5E6312ED1D54DA0300DA8D4F /* Model */ = {
			isa = PBXGroup;
			children = (
			);
			path = Model;
			sourceTree = "<group>";
		};
		5E6312EE1D54DA0300DA8D4F /* View */ = {
			isa = PBXGroup;
			children = (
			);
			path = View;
			sourceTree = "<group>";
		};
		5E6312FA1D54DF0400DA8D4F /* HomePage */ = {
			isa = PBXGroup;
			children = (
				5E6312FB1D54DF0400DA8D4F /* Controller */,
				5E6312FC1D54DF0400DA8D4F /* Model */,
				5E6312FD1D54DF0400DA8D4F /* View */,
			);
			path = HomePage;
			sourceTree = "<group>";
		};
		5E6312FB1D54DF0400DA8D4F /* Controller */ = {
			isa = PBXGroup;
			children = (
				5E6312FE1D54DF1300DA8D4F /* HomePageController.h */,
				5E6312FF1D54DF1300DA8D4F /* HomePageController.m */,
			);
			path = Controller;
			sourceTree = "<group>";
		};
		5E6312FC1D54DF0400DA8D4F /* Model */ = {
			isa = PBXGroup;
			children = (
			);
			path = Model;
			sourceTree = "<group>";
		};
		5E6312FD1D54DF0400DA8D4F /* View */ = {
			isa = PBXGroup;
			children = (
			);
			path = View;
			sourceTree = "<group>";
		};
		5EE1CE5A1D544BD500E11675 = {
			isa = PBXGroup;
			children = (
				5EE1CE651D544BD500E11675 /* SingPlayer */,
				5EE1CE641D544BD500E11675 /* Products */,
			);
			sourceTree = "<group>";
		};
		5EE1CE641D544BD500E11675 /* Products */ = {
			isa = PBXGroup;
			children = (
				5EE1CE631D544BD500E11675 /* SingPlayer.app */,
			);
			name = Products;
			sourceTree = "<group>";
		};
		5EE1CE651D544BD500E11675 /* SingPlayer */ = {
			isa = PBXGroup;
			children = (
				5E6312E71D54D92D00DA8D4F /* Model */,
				5E6312E41D54D92D00DA8D4F /* MainClass */,
				5E6312EA1D54DA0300DA8D4F /* ChildClass */,
				5E6312E81D54D96C00DA8D4F /* Other */,
				5E6312E91D54D98900DA8D4F /* Resource */,
				5EE1CE661D544BD500E11675 /* Supporting Files */,
			);
			path = SingPlayer;
			sourceTree = "<group>";
		};
		5EE1CE661D544BD500E11675 /* Supporting Files */ = {
			isa = PBXGroup;
			children = (
				5EE1CE751D544BD500E11675 /* Assets.xcassets */,
				5EE1CE7A1D544BD500E11675 /* Info.plist */,
				5EE1CE671D544BD500E11675 /* main.m */,
			);
			name = "Supporting Files";
			sourceTree = "<group>";
		};
/* End PBXGroup section */

/* Begin PBXNativeTarget section */
		5EE1CE621D544BD500E11675 /* SingPlayer */ = {
			isa = PBXNativeTarget;
			buildConfigurationList = 5EE1CE7D1D544BD500E11675 /* Build configuration list for PBXNativeTarget "SingPlayer" */;
			buildPhases = (
				5EE1CE5F1D544BD500E11675 /* Sources */,
				5EE1CE601D544BD500E11675 /* Frameworks */,
				5EE1CE611D544BD500E11675 /* Resources */,
			);
			buildRules = (
			);
			dependencies = (
			);
			name = SingPlayer;
			productName = SingPlayer;
			productReference = 5EE1CE631D544BD500E11675 /* SingPlayer.app */;
			productType = "com.apple.product-type.application";
		};
/* End PBXNativeTarget section */

/* Begin PBXProject section */
		5EE1CE5B1D544BD500E11675 /* Project object */ = {
			isa = PBXProject;
			attributes = {
				LastUpgradeCheck = 0730;
				ORGANIZATIONNAME = SingYi;
				TargetAttributes = {
					5EE1CE621D544BD500E11675 = {
						CreatedOnToolsVersion = 7.3.1;
					};
				};
			};
			buildConfigurationList = 5EE1CE5E1D544BD500E11675 /* Build configuration list for PBXProject "SingPlayer" */;
			compatibilityVersion = "Xcode 3.2";
			developmentRegion = English;
			hasScannedForEncodings = 0;
			knownRegions = (
				en,
				Base,
			);
			mainGroup = 5EE1CE5A1D544BD500E11675;
			productRefGroup = 5EE1CE641D544BD500E11675 /* Products */;
			projectDirPath = "";
			projectRoot = "";
			targets = (
				5EE1CE621D544BD500E11675 /* SingPlayer */,
			);
		};
/* End PBXProject section */

/* Begin PBXResourcesBuildPhase section */
		5EE1CE611D544BD500E11675 /* Resources */ = {
			isa = PBXResourcesBuildPhase;
			buildActionMask = 2147483647;
			files = (
				5EE1CE761D544BD500E11675 /* Assets.xcassets in Resources */,
			);
			runOnlyForDeploymentPostprocessing = 0;
		};
/* End PBXResourcesBuildPhase section */

/* Begin PBXSourcesBuildPhase section */
		5EE1CE5F1D544BD500E11675 /* Sources */ = {
			isa = PBXSourcesBuildPhase;
			buildActionMask = 2147483647;
			files = (
				5EE1CE6B1D544BD500E11675 /* AppDelegate.m in Sources */,
				5E6313001D54DF1300DA8D4F /* HomePageController.m in Sources */,
				5EE1CE681D544BD500E11675 /* main.m in Sources */,
				5E6312F51D54DBA400DA8D4F /* LoginController.m in Sources */,
			);
			runOnlyForDeploymentPostprocessing = 0;
		};
/* End PBXSourcesBuildPhase section */

/* Begin XCBuildConfiguration section */
		5EE1CE7B1D544BD500E11675 /* Debug */ = {
			isa = XCBuildConfiguration;
			buildSettings = {
				ALWAYS_SEARCH_USER_PATHS = NO;
				CLANG_ANALYZER_NONNULL = YES;
				CLANG_CXX_LANGUAGE_STANDARD = "gnu++0x";
				CLANG_CXX_LIBRARY = "libc++";
				CLANG_ENABLE_MODULES = YES;
				CLANG_ENABLE_OBJC_ARC = YES;
				CLANG_WARN_BOOL_CONVERSION = YES;
				CLANG_WARN_CONSTANT_CONVERSION = YES;
				CLANG_WARN_DIRECT_OBJC_ISA_USAGE = YES_ERROR;
				CLANG_WARN_EMPTY_BODY = YES;
				CLANG_WARN_ENUM_CONVERSION = YES;
				CLANG_WARN_INT_CONVERSION = YES;
				CLANG_WARN_OBJC_ROOT_CLASS = YES_ERROR;
				CLANG_WARN_UNREACHABLE_CODE = YES;
				CLANG_WARN__DUPLICATE_METHOD_MATCH = YES;
				"CODE_SIGN_IDENTITY[sdk=iphoneos*]" = "iPhone Developer";
				COPY_PHASE_STRIP = NO;
				DEBUG_INFORMATION_FORMAT = dwarf;
				ENABLE_STRICT_OBJC_MSGSEND = YES;
				ENABLE_TESTABILITY = YES;
				GCC_C_LANGUAGE_STANDARD = gnu99;
				GCC_DYNAMIC_NO_PIC = NO;
				GCC_NO_COMMON_BLOCKS = YES;
				GCC_OPTIMIZATION_LEVEL = 0;
				GCC_PREFIX_HEADER = "$(SRCROOT)/SingPlayer/Other/PrefixHeader.pch";
				GCC_PREPROCESSOR_DEFINITIONS = (
					"DEBUG=1",
					"$(inherited)",
				);
				GCC_WARN_64_TO_32_BIT_CONVERSION = YES;
				GCC_WARN_ABOUT_RETURN_TYPE = YES_ERROR;
				GCC_WARN_UNDECLARED_SELECTOR = YES;
				GCC_WARN_UNINITIALIZED_AUTOS = YES_AGGRESSIVE;
				GCC_WARN_UNUSED_FUNCTION = YES;
				GCC_WARN_UNUSED_VARIABLE = YES;
				IPHONEOS_DEPLOYMENT_TARGET = 9.3;
				MTL_ENABLE_DEBUG_INFO = YES;
				ONLY_ACTIVE_ARCH = YES;
				SDKROOT = iphoneos;
				TARGETED_DEVICE_FAMILY = 2;
			};
			name = Debug;
		};
		5EE1CE7C1D544BD500E11675 /* Release */ = {
			isa = XCBuildConfiguration;
			buildSettings = {
				ALWAYS_SEARCH_USER_PATHS = NO;
				CLANG_ANALYZER_NONNULL = YES;
				CLANG_CXX_LANGUAGE_STANDARD = "gnu++0x";
				CLANG_CXX_LIBRARY = "libc++";
				CLANG_ENABLE_MODULES = YES;
				CLANG_ENABLE_OBJC_ARC = YES;
				CLANG_WARN_BOOL_CONVERSION = YES;
				CLANG_WARN_CONSTANT_CONVERSION = YES;
				CLANG_WARN_DIRECT_OBJC_ISA_USAGE = YES_ERROR;
				CLANG_WARN_EMPTY_BODY = YES;
				CLANG_WARN_ENUM_CONVERSION = YES;
				CLANG_WARN_INT_CONVERSION = YES;
				CLANG_WARN_OBJC_ROOT_CLASS = YES_ERROR;
				CLANG_WARN_UNREACHABLE_CODE = YES;
				CLANG_WARN__DUPLICATE_METHOD_MATCH = YES;
				"CODE_SIGN_IDENTITY[sdk=iphoneos*]" = "iPhone Developer";
				COPY_PHASE_STRIP = NO;
				DEBUG_INFORMATION_FORMAT = "dwarf-with-dsym";
				ENABLE_NS_ASSERTIONS = NO;
				ENABLE_STRICT_OBJC_MSGSEND = YES;
				GCC_C_LANGUAGE_STANDARD = gnu99;
				GCC_NO_COMMON_BLOCKS = YES;
				GCC_PREFIX_HEADER = "$(SRCROOT)/SingPlayer/Other/PrefixHeader.pch";
				GCC_WARN_64_TO_32_BIT_CONVERSION = YES;
				GCC_WARN_ABOUT_RETURN_TYPE = YES_ERROR;
				GCC_WARN_UNDECLARED_SELECTOR = YES;
				GCC_WARN_UNINITIALIZED_AUTOS = YES_AGGRESSIVE;
				GCC_WARN_UNUSED_FUNCTION = YES;
				GCC_WARN_UNUSED_VARIABLE = YES;
				IPHONEOS_DEPLOYMENT_TARGET = 9.3;
				MTL_ENABLE_DEBUG_INFO = NO;
				SDKROOT = iphoneos;
				TARGETED_DEVICE_FAMILY = 2;
				VALIDATE_PRODUCT = YES;
			};
			name = Release;
		};
		5EE1CE7E1D544BD500E11675 /* Debug */ = {
			isa = XCBuildConfiguration;
			buildSettings = {
				ASSETCATALOG_COMPILER_APPICON_NAME = AppIcon;
				INFOPLIST_FILE = SingPlayer/Info.plist;
				LD_RUNPATH_SEARCH_PATHS = "$(inherited) @executable_path/Frameworks";
				PRODUCT_BUNDLE_IDENTIFIER = Sy.SingPlayer;
				PRODUCT_NAME = "$(TARGET_NAME)";
				TARGETED_DEVICE_FAMILY = 1;
			};
			name = Debug;
		};
		5EE1CE7F1D544BD500E11675 /* Release */ = {
			isa = XCBuildConfiguration;
			buildSettings = {
				ASSETCATALOG_COMPILER_APPICON_NAME = AppIcon;
				INFOPLIST_FILE = SingPlayer/Info.plist;
				LD_RUNPATH_SEARCH_PATHS = "$(inherited) @executable_path/Frameworks";
				PRODUCT_BUNDLE_IDENTIFIER = Sy.SingPlayer;
				PRODUCT_NAME = "$(TARGET_NAME)";
				TARGETED_DEVICE_FAMILY = 1;
			};
			name = Release;
		};
/* End XCBuildConfiguration section */

/* Begin XCConfigurationList section */
		5EE1CE5E1D544BD500E11675 /* Build configuration list for PBXProject "SingPlayer" */ = {
			isa = XCConfigurationList;
			buildConfigurations = (
				5EE1CE7B1D544BD500E11675 /* Debug */,
				5EE1CE7C1D544BD500E11675 /* Release */,
			);
			defaultConfigurationIsVisible = 0;
			defaultConfigurationName = Release;
		};
		5EE1CE7D1D544BD500E11675 /* Build configuration list for PBXNativeTarget "SingPlayer" */ = {
			isa = XCConfigurationList;
			buildConfigurations = (
				5EE1CE7E1D544BD500E11675 /* Debug */,
				5EE1CE7F1D544BD500E11675 /* Release */,
			);
			defaultConfigurationIsVisible = 0;
			defaultConfigurationName = Release;
		};
/* End XCConfigurationList section */
	};
	rootObject = 5EE1CE5B1D544BD500E11675 /* Project object */;
}
